
Microsoft Visual Studio Solution File, Format Version 12.00
# Visual Studio Version 17
VisualStudioVersion = 17.2.32526.322
MinimumVisualStudioVersion = 10.0.40219.1
Project("{FAE04EC0-301F-11D3-BF4B-00C04F79EFBC}") = "co15-18", "co15-18\co15-18.csproj", "{B80DE1EC-5C42-4EFA-BBC8-74415966A7A9}"
EndProject
Global
	GlobalSection(SolutionConfigurationPlatforms) = preSolution
		Debug|Any CPU = Debug|Any CPU
		Release|Any CPU = Release|Any CPU
	EndGlobalSection
	GlobalSection(ProjectConfigurationPlatforms) = postSolution
		{B80DE1EC-5C42-4EFA-BBC8-74415966A7A9}.Debug|Any CPU.ActiveCfg = Debug|Any CPU
		{B80DE1EC-5C42-4EFA-BBC8-74415966A7A9}.Debug|Any CPU.Build.0 = Debug|Any CPU
		{B80DE1EC-5C42-4EFA-BBC8-74415966A7A9}.Release|Any CPU.ActiveCfg = Release|Any CPU
		{B80DE1EC-5C42-4EFA-BBC8-74415966A7A9}.Release|Any CPU.Build.0 = Release|Any CPU
	EndGlobalSection
	GlobalSection(SolutionProperties) = preSolution
		HideSolutionNode = FALSE
	EndGlobalSection
	GlobalSection(ExtensibilityGlobals) = postSolution
		SolutionGuid = {5D95182C-16B6-49E1-B83C-55E52BF6EFBE}
	EndGlobalSection
EndGlobal
