
Microsoft Visual Studio Solution File, Format Version 12.00
# Visual Studio Version 17
VisualStudioVersion = 17.2.32526.322
MinimumVisualStudioVersion = 10.0.40219.1
Project("{FAE04EC0-301F-11D3-BF4B-00C04F79EFBC}") = "examen2", "examen2\examen2.csproj", "{C9333FD3-1E27-4221-B1EE-ABB909CD2874}"
EndProject
Global
	GlobalSection(SolutionConfigurationPlatforms) = preSolution
		Debug|Any CPU = Debug|Any CPU
		Release|Any CPU = Release|Any CPU
	EndGlobalSection
	GlobalSection(ProjectConfigurationPlatforms) = postSolution
		{C9333FD3-1E27-4221-B1EE-ABB909CD2874}.Debug|Any CPU.ActiveCfg = Debug|Any CPU
		{C9333FD3-1E27-4221-B1EE-ABB909CD2874}.Debug|Any CPU.Build.0 = Debug|Any CPU
		{C9333FD3-1E27-4221-B1EE-ABB909CD2874}.Release|Any CPU.ActiveCfg = Release|Any CPU
		{C9333FD3-1E27-4221-B1EE-ABB909CD2874}.Release|Any CPU.Build.0 = Release|Any CPU
	EndGlobalSection
	GlobalSection(SolutionProperties) = preSolution
		HideSolutionNode = FALSE
	EndGlobalSection
	GlobalSection(ExtensibilityGlobals) = postSolution
		SolutionGuid = {C490E509-27BF-48EE-B4F0-13AC328377DE}
	EndGlobalSection
EndGlobal
