
Microsoft Visual Studio Solution File, Format Version 12.00
# Visual Studio Version 17
VisualStudioVersion = 17.2.32526.322
MinimumVisualStudioVersion = 10.0.40219.1
Project("{FAE04EC0-301F-11D3-BF4B-00C04F79EFBC}") = "co15-2-5", "co15-2-5\co15-2-5.csproj", "{D864C487-BE3F-4233-87A3-55A00C52E4F5}"
EndProject
Global
	GlobalSection(SolutionConfigurationPlatforms) = preSolution
		Debug|Any CPU = Debug|Any CPU
		Release|Any CPU = Release|Any CPU
	EndGlobalSection
	GlobalSection(ProjectConfigurationPlatforms) = postSolution
		{D864C487-BE3F-4233-87A3-55A00C52E4F5}.Debug|Any CPU.ActiveCfg = Debug|Any CPU
		{D864C487-BE3F-4233-87A3-55A00C52E4F5}.Debug|Any CPU.Build.0 = Debug|Any CPU
		{D864C487-BE3F-4233-87A3-55A00C52E4F5}.Release|Any CPU.ActiveCfg = Release|Any CPU
		{D864C487-BE3F-4233-87A3-55A00C52E4F5}.Release|Any CPU.Build.0 = Release|Any CPU
	EndGlobalSection
	GlobalSection(SolutionProperties) = preSolution
		HideSolutionNode = FALSE
	EndGlobalSection
	GlobalSection(ExtensibilityGlobals) = postSolution
		SolutionGuid = {D0DED7F9-AB5A-421E-9CE2-28F0AB81ED77}
	EndGlobalSection
EndGlobal
