
Microsoft Visual Studio Solution File, Format Version 12.00
# Visual Studio Version 17
VisualStudioVersion = 17.2.32526.322
MinimumVisualStudioVersion = 10.0.40219.1
Project("{FAE04EC0-301F-11D3-BF4B-00C04F79EFBC}") = "wf15_2B_6", "wf15_2B_6\wf15_2B_6.csproj", "{2D6F392C-9029-4F2B-BF7B-466C9F32B140}"
EndProject
Global
	GlobalSection(SolutionConfigurationPlatforms) = preSolution
		Debug|Any CPU = Debug|Any CPU
		Release|Any CPU = Release|Any CPU
	EndGlobalSection
	GlobalSection(ProjectConfigurationPlatforms) = postSolution
		{2D6F392C-9029-4F2B-BF7B-466C9F32B140}.Debug|Any CPU.ActiveCfg = Debug|Any CPU
		{2D6F392C-9029-4F2B-BF7B-466C9F32B140}.Debug|Any CPU.Build.0 = Debug|Any CPU
		{2D6F392C-9029-4F2B-BF7B-466C9F32B140}.Release|Any CPU.ActiveCfg = Release|Any CPU
		{2D6F392C-9029-4F2B-BF7B-466C9F32B140}.Release|Any CPU.Build.0 = Release|Any CPU
	EndGlobalSection
	GlobalSection(SolutionProperties) = preSolution
		HideSolutionNode = FALSE
	EndGlobalSection
	GlobalSection(ExtensibilityGlobals) = postSolution
		SolutionGuid = {3738B5CC-5351-4D7E-B87F-6E8D6245C597}
	EndGlobalSection
EndGlobal
