
Microsoft Visual Studio Solution File, Format Version 12.00
# Visual Studio Version 17
VisualStudioVersion = 17.2.32526.322
MinimumVisualStudioVersion = 10.0.40219.1
Project("{FAE04EC0-301F-11D3-BF4B-00C04F79EFBC}") = "co15-1-3", "co15-1-3\co15-1-3.csproj", "{08E4EF98-67F3-4FB6-B63F-5AA0B81A682E}"
EndProject
Global
	GlobalSection(SolutionConfigurationPlatforms) = preSolution
		Debug|Any CPU = Debug|Any CPU
		Release|Any CPU = Release|Any CPU
	EndGlobalSection
	GlobalSection(ProjectConfigurationPlatforms) = postSolution
		{08E4EF98-67F3-4FB6-B63F-5AA0B81A682E}.Debug|Any CPU.ActiveCfg = Debug|Any CPU
		{08E4EF98-67F3-4FB6-B63F-5AA0B81A682E}.Debug|Any CPU.Build.0 = Debug|Any CPU
		{08E4EF98-67F3-4FB6-B63F-5AA0B81A682E}.Release|Any CPU.ActiveCfg = Release|Any CPU
		{08E4EF98-67F3-4FB6-B63F-5AA0B81A682E}.Release|Any CPU.Build.0 = Release|Any CPU
	EndGlobalSection
	GlobalSection(SolutionProperties) = preSolution
		HideSolutionNode = FALSE
	EndGlobalSection
	GlobalSection(ExtensibilityGlobals) = postSolution
		SolutionGuid = {3AF8CCFE-9A5D-48C3-8AD7-67F66807C21F}
	EndGlobalSection
EndGlobal
