
Microsoft Visual Studio Solution File, Format Version 12.00
# Visual Studio Version 17
VisualStudioVersion = 17.2.32526.322
MinimumVisualStudioVersion = 10.0.40219.1
Project("{FAE04EC0-301F-11D3-BF4B-00C04F79EFBC}") = "co15_1t_4", "co15_1t_4\co15_1t_4.csproj", "{F5846991-00B0-4DD9-984B-6B4CB976E04D}"
EndProject
Global
	GlobalSection(SolutionConfigurationPlatforms) = preSolution
		Debug|Any CPU = Debug|Any CPU
		Release|Any CPU = Release|Any CPU
	EndGlobalSection
	GlobalSection(ProjectConfigurationPlatforms) = postSolution
		{F5846991-00B0-4DD9-984B-6B4CB976E04D}.Debug|Any CPU.ActiveCfg = Debug|Any CPU
		{F5846991-00B0-4DD9-984B-6B4CB976E04D}.Debug|Any CPU.Build.0 = Debug|Any CPU
		{F5846991-00B0-4DD9-984B-6B4CB976E04D}.Release|Any CPU.ActiveCfg = Release|Any CPU
		{F5846991-00B0-4DD9-984B-6B4CB976E04D}.Release|Any CPU.Build.0 = Release|Any CPU
	EndGlobalSection
	GlobalSection(SolutionProperties) = preSolution
		HideSolutionNode = FALSE
	EndGlobalSection
	GlobalSection(ExtensibilityGlobals) = postSolution
		SolutionGuid = {78C6BBEE-B942-4820-9795-EC55889930AC}
	EndGlobalSection
EndGlobal
