
Microsoft Visual Studio Solution File, Format Version 12.00
# Visual Studio Version 17
VisualStudioVersion = 17.2.32526.322
MinimumVisualStudioVersion = 10.0.40219.1
Project("{FAE04EC0-301F-11D3-BF4B-00C04F79EFBC}") = "co15-4-5", "co15-4-5\co15-4-5.csproj", "{2AEE2828-3318-4C86-B56A-8C4640F72175}"
EndProject
Global
	GlobalSection(SolutionConfigurationPlatforms) = preSolution
		Debug|Any CPU = Debug|Any CPU
		Release|Any CPU = Release|Any CPU
	EndGlobalSection
	GlobalSection(ProjectConfigurationPlatforms) = postSolution
		{2AEE2828-3318-4C86-B56A-8C4640F72175}.Debug|Any CPU.ActiveCfg = Debug|Any CPU
		{2AEE2828-3318-4C86-B56A-8C4640F72175}.Debug|Any CPU.Build.0 = Debug|Any CPU
		{2AEE2828-3318-4C86-B56A-8C4640F72175}.Release|Any CPU.ActiveCfg = Release|Any CPU
		{2AEE2828-3318-4C86-B56A-8C4640F72175}.Release|Any CPU.Build.0 = Release|Any CPU
	EndGlobalSection
	GlobalSection(SolutionProperties) = preSolution
		HideSolutionNode = FALSE
	EndGlobalSection
	GlobalSection(ExtensibilityGlobals) = postSolution
		SolutionGuid = {0E746E53-320F-41AC-9D5C-7C720FC1B35D}
	EndGlobalSection
EndGlobal
